
Microsoft Visual Studio Solution File, Format Version 12.00
# Visual Studio 2013
VisualStudioVersion = 12.0.21005.1
MinimumVisualStudioVersion = 10.0.40219.1
Project("{FAE04EC0-301F-11D3-BF4B-00C04F79EFBC}") = "Ccom.Pharmacy", "Ccom.Pharmacy\Ccom.Pharmacy.csproj", "{9C15686F-CFAC-4416-90D2-B15A1FF42014}"
	ProjectSection(ProjectDependencies) = postProject
		{51017788-6DF4-4C08-90FB-3752E71E9528} = {51017788-6DF4-4C08-90FB-3752E71E9528}
	EndProjectSection
EndProject
Project("{FAE04EC0-301F-11D3-BF4B-00C04F79EFBC}") = "Ccom.Pharmacy.DAL", "Ccom.Pharmacy.DAL\Ccom.Pharmacy.DAL.csproj", "{862B1F36-A2C4-453F-B766-9A4CF857CDA8}"
EndProject
Project("{FAE04EC0-301F-11D3-BF4B-00C04F79EFBC}") = "Ccom.Pharmacy.BL", "Ccom.Pharmacy.BL\Ccom.Pharmacy.BL.csproj", "{9D0F81B1-C975-490C-BD34-9BEEE14EC2E9}"
EndProject
Project("{FAE04EC0-301F-11D3-BF4B-00C04F79EFBC}") = "Ccom.Pharmacy.API", "Ccom.Pharmacy.API\Ccom.Pharmacy.API.csproj", "{D5402E11-A190-428F-B534-5AB267AE03E0}"
EndProject
Project("{FAE04EC0-301F-11D3-BF4B-00C04F79EFBC}") = "Ccom.Pharmacy.Service", "Ccom.Pharmacy.Service\Ccom.Pharmacy.Service.csproj", "{51017788-6DF4-4C08-90FB-3752E71E9528}"
EndProject
Project("{FAE04EC0-301F-11D3-BF4B-00C04F79EFBC}") = "Ccom.Common", "Ccom.Common\Ccom.Common.csproj", "{5ADE4FB8-9296-4CC7-8CF5-72C7DEA3AC40}"
EndProject
Project("{FAE04EC0-301F-11D3-BF4B-00C04F79EFBC}") = "Ccom.ExceptionHandling", "Ccom.ExceptionHandling\Ccom.ExceptionHandling.csproj", "{A1B25E33-E8D4-42D9-9897-DF460B76AA60}"
EndProject
Project("{6141683F-8A12-4E36-9623-2EB02B2C2303}") = "Ccom.Pharmacy.Installer", "Ccom.Pharmacy.Installer\Ccom.Pharmacy.Installer.isproj", "{123497E8-93E9-4109-AC74-0E8F47154E4C}"
	ProjectSection(ProjectDependencies) = postProject
		{9C15686F-CFAC-4416-90D2-B15A1FF42014} = {9C15686F-CFAC-4416-90D2-B15A1FF42014}
	EndProjectSection
EndProject
Project("{2150E333-8FDC-42A3-9474-1A3956D46DE8}") = "Controls", "Controls", "{3D35B036-7FF8-462F-AA66-546BE4550240}"
EndProject
Project("{FAE04EC0-301F-11D3-BF4B-00C04F79EFBC}") = "PanoramaControl", "Controls\PanoramaControl\PanoramaControl.csproj", "{A9EAAA9A-E076-4C26-8834-D66EB8439BC1}"
EndProject
Project("{FAE04EC0-301F-11D3-BF4B-00C04F79EFBC}") = "LoadingControl", "Controls\LoadingControl\LoadingControl.csproj", "{CE420580-E5DE-4601-A69A-EBC9FBCAA6E7}"
EndProject
Project("{FAE04EC0-301F-11D3-BF4B-00C04F79EFBC}") = "Ccom.Pharmacy.Core", "Ccom.Pharmacy.Core\Ccom.Pharmacy.Core.csproj", "{0D9554BB-8295-4EFB-AEAD-95B6DB6555C3}"
EndProject
Project("{FAE04EC0-301F-11D3-BF4B-00C04F79EFBC}") = "US_MetroControllers", "Controls\MetroControllers\US_MetroControllers.csproj", "{5B1710D2-5DC8-4754-91B2-19165DE49B3D}"
EndProject
Project("{FAE04EC0-301F-11D3-BF4B-00C04F79EFBC}") = "US_DataAccess", "US_DataAccess\US_DataAccess.csproj", "{771B4DAD-8A13-46E7-BEBC-54C3060170E4}"
EndProject
Project("{FAE04EC0-301F-11D3-BF4B-00C04F79EFBC}") = "Ccom.Pharmacy.Data", "Ccom.Pharmacy.Data\Ccom.Pharmacy.Data.csproj", "{74A75370-6959-498A-909B-B62C11846668}"
EndProject
Project("{FAE04EC0-301F-11D3-BF4B-00C04F79EFBC}") = "Ccom.Pharmacy.DAL.Entity", "Ccom.Pharmacy.DAL.Entity\Ccom.Pharmacy.DAL.Entity.csproj", "{9C182CEF-B1B8-4E80-888D-45ED7EA8801F}"
EndProject
Global
	GlobalSection(TeamFoundationVersionControl) = preSolution
		SccNumberOfProjects = 15
		SccEnterpriseProvider = {4CA58AB2-18FA-4F8D-95D4-32DDF27D184C}
		SccTeamFoundationServer = https://ondebugmode.visualstudio.com/defaultcollection
		SccProjectUniqueName0 = Ccom.ExceptionHandling\\Ccom.ExceptionHandling.csproj
		SccProjectName0 = Ccom.ExceptionHandling
		SccLocalPath0 = Ccom.ExceptionHandling
		SccProjectUniqueName1 = Ccom.Common\\Ccom.Common.csproj
		SccProjectName1 = Ccom.Common
		SccLocalPath1 = Ccom.Common
		SccProjectUniqueName2 = US_DataAccess\\US_DataAccess.csproj
		SccProjectName2 = US_DataAccess
		SccLocalPath2 = US_DataAccess
		SccProjectUniqueName3 = Ccom.Pharmacy.Data\\Ccom.Pharmacy.Data.csproj
		SccProjectName3 = Ccom.Pharmacy.Data
		SccLocalPath3 = Ccom.Pharmacy.Data
		SccProjectUniqueName4 = Controls\\LoadingControl\\LoadingControl.csproj
		SccProjectTopLevelParentUniqueName4 = Ccom.Pharmacy.sln
		SccProjectName4 = Controls/LoadingControl
		SccLocalPath4 = Controls\\LoadingControl
		SccProjectUniqueName5 = Controls\\PanoramaControl\\PanoramaControl.csproj
		SccProjectTopLevelParentUniqueName5 = Ccom.Pharmacy.sln
		SccProjectName5 = Controls/PanoramaControl
		SccLocalPath5 = Controls\\PanoramaControl
		SccLocalPath6 = .
		SccProjectUniqueName7 = Ccom.Pharmacy.API\\Ccom.Pharmacy.API.csproj
		SccProjectName7 = Ccom.Pharmacy.API
		SccLocalPath7 = Ccom.Pharmacy.API
		SccProjectUniqueName8 = Ccom.Pharmacy.BL\\Ccom.Pharmacy.BL.csproj
		SccProjectName8 = Ccom.Pharmacy.BL
		SccLocalPath8 = Ccom.Pharmacy.BL
		SccProjectUniqueName9 = Ccom.Pharmacy.Core\\Ccom.Pharmacy.Core.csproj
		SccProjectName9 = Ccom.Pharmacy.Core
		SccLocalPath9 = Ccom.Pharmacy.Core
		SccProjectUniqueName10 = Ccom.Pharmacy.DAL.Entity\\Ccom.Pharmacy.DAL.Entity.csproj
		SccProjectName10 = Ccom.Pharmacy.DAL.Entity
		SccLocalPath10 = Ccom.Pharmacy.DAL.Entity
		SccProjectUniqueName11 = Ccom.Pharmacy.DAL\\Ccom.Pharmacy.DAL.csproj
		SccProjectName11 = Ccom.Pharmacy.DAL
		SccLocalPath11 = Ccom.Pharmacy.DAL
		SccProjectUniqueName12 = Ccom.Pharmacy\\Ccom.Pharmacy.csproj
		SccProjectName12 = Ccom.Pharmacy
		SccLocalPath12 = Ccom.Pharmacy
		SccProjectUniqueName13 = Controls\\MetroControllers\\US_MetroControllers.csproj
		SccProjectTopLevelParentUniqueName13 = Ccom.Pharmacy.sln
		SccProjectName13 = Controls/MetroControllers
		SccLocalPath13 = Controls\\MetroControllers
		SccProjectUniqueName14 = Ccom.Pharmacy.Service\\Ccom.Pharmacy.Service.csproj
		SccProjectName14 = Ccom.Pharmacy.Service
		SccLocalPath14 = Ccom.Pharmacy.Service
	EndGlobalSection
	GlobalSection(SolutionConfigurationPlatforms) = preSolution
		CD_ROM|Any CPU = CD_ROM|Any CPU
		CD_ROM|x86 = CD_ROM|x86
		Debug|Any CPU = Debug|Any CPU
		Debug|x86 = Debug|x86
		DVD-5|Any CPU = DVD-5|Any CPU
		DVD-5|x86 = DVD-5|x86
		Release|Any CPU = Release|Any CPU
		Release|x86 = Release|x86
		SingleImage|Any CPU = SingleImage|Any CPU
		SingleImage|x86 = SingleImage|x86
	EndGlobalSection
	GlobalSection(ProjectConfigurationPlatforms) = postSolution
		{9C15686F-CFAC-4416-90D2-B15A1FF42014}.CD_ROM|Any CPU.ActiveCfg = Release|Any CPU
		{9C15686F-CFAC-4416-90D2-B15A1FF42014}.CD_ROM|Any CPU.Build.0 = Release|Any CPU
		{9C15686F-CFAC-4416-90D2-B15A1FF42014}.CD_ROM|x86.ActiveCfg = Release|Any CPU
		{9C15686F-CFAC-4416-90D2-B15A1FF42014}.Debug|Any CPU.ActiveCfg = Debug|Any CPU
		{9C15686F-CFAC-4416-90D2-B15A1FF42014}.Debug|Any CPU.Build.0 = Debug|Any CPU
		{9C15686F-CFAC-4416-90D2-B15A1FF42014}.Debug|x86.ActiveCfg = Debug|Any CPU
		{9C15686F-CFAC-4416-90D2-B15A1FF42014}.DVD-5|Any CPU.ActiveCfg = Debug|Any CPU
		{9C15686F-CFAC-4416-90D2-B15A1FF42014}.DVD-5|Any CPU.Build.0 = Debug|Any CPU
		{9C15686F-CFAC-4416-90D2-B15A1FF42014}.DVD-5|x86.ActiveCfg = Debug|Any CPU
		{9C15686F-CFAC-4416-90D2-B15A1FF42014}.Release|Any CPU.ActiveCfg = Release|Any CPU
		{9C15686F-CFAC-4416-90D2-B15A1FF42014}.Release|Any CPU.Build.0 = Release|Any CPU
		{9C15686F-CFAC-4416-90D2-B15A1FF42014}.Release|x86.ActiveCfg = Release|Any CPU
		{9C15686F-CFAC-4416-90D2-B15A1FF42014}.SingleImage|Any CPU.ActiveCfg = Release|Any CPU
		{9C15686F-CFAC-4416-90D2-B15A1FF42014}.SingleImage|Any CPU.Build.0 = Release|Any CPU
		{9C15686F-CFAC-4416-90D2-B15A1FF42014}.SingleImage|x86.ActiveCfg = Release|Any CPU
		{862B1F36-A2C4-453F-B766-9A4CF857CDA8}.CD_ROM|Any CPU.ActiveCfg = Release|Any CPU
		{862B1F36-A2C4-453F-B766-9A4CF857CDA8}.CD_ROM|Any CPU.Build.0 = Release|Any CPU
		{862B1F36-A2C4-453F-B766-9A4CF857CDA8}.CD_ROM|x86.ActiveCfg = Release|Any CPU
		{862B1F36-A2C4-453F-B766-9A4CF857CDA8}.Debug|Any CPU.ActiveCfg = Debug|Any CPU
		{862B1F36-A2C4-453F-B766-9A4CF857CDA8}.Debug|Any CPU.Build.0 = Debug|Any CPU
		{862B1F36-A2C4-453F-B766-9A4CF857CDA8}.Debug|x86.ActiveCfg = Debug|Any CPU
		{862B1F36-A2C4-453F-B766-9A4CF857CDA8}.DVD-5|Any CPU.ActiveCfg = Debug|Any CPU
		{862B1F36-A2C4-453F-B766-9A4CF857CDA8}.DVD-5|Any CPU.Build.0 = Debug|Any CPU
		{862B1F36-A2C4-453F-B766-9A4CF857CDA8}.DVD-5|x86.ActiveCfg = Debug|Any CPU
		{862B1F36-A2C4-453F-B766-9A4CF857CDA8}.Release|Any CPU.ActiveCfg = Release|Any CPU
		{862B1F36-A2C4-453F-B766-9A4CF857CDA8}.Release|Any CPU.Build.0 = Release|Any CPU
		{862B1F36-A2C4-453F-B766-9A4CF857CDA8}.Release|x86.ActiveCfg = Release|Any CPU
		{862B1F36-A2C4-453F-B766-9A4CF857CDA8}.SingleImage|Any CPU.ActiveCfg = Release|Any CPU
		{862B1F36-A2C4-453F-B766-9A4CF857CDA8}.SingleImage|Any CPU.Build.0 = Release|Any CPU
		{862B1F36-A2C4-453F-B766-9A4CF857CDA8}.SingleImage|x86.ActiveCfg = Release|Any CPU
		{9D0F81B1-C975-490C-BD34-9BEEE14EC2E9}.CD_ROM|Any CPU.ActiveCfg = Release|Any CPU
		{9D0F81B1-C975-490C-BD34-9BEEE14EC2E9}.CD_ROM|Any CPU.Build.0 = Release|Any CPU
		{9D0F81B1-C975-490C-BD34-9BEEE14EC2E9}.CD_ROM|x86.ActiveCfg = Release|Any CPU
		{9D0F81B1-C975-490C-BD34-9BEEE14EC2E9}.Debug|Any CPU.ActiveCfg = Debug|Any CPU
		{9D0F81B1-C975-490C-BD34-9BEEE14EC2E9}.Debug|Any CPU.Build.0 = Debug|Any CPU
		{9D0F81B1-C975-490C-BD34-9BEEE14EC2E9}.Debug|x86.ActiveCfg = Debug|Any CPU
		{9D0F81B1-C975-490C-BD34-9BEEE14EC2E9}.DVD-5|Any CPU.ActiveCfg = Debug|Any CPU
		{9D0F81B1-C975-490C-BD34-9BEEE14EC2E9}.DVD-5|Any CPU.Build.0 = Debug|Any CPU
		{9D0F81B1-C975-490C-BD34-9BEEE14EC2E9}.DVD-5|x86.ActiveCfg = Debug|Any CPU
		{9D0F81B1-C975-490C-BD34-9BEEE14EC2E9}.Release|Any CPU.ActiveCfg = Release|Any CPU
		{9D0F81B1-C975-490C-BD34-9BEEE14EC2E9}.Release|Any CPU.Build.0 = Release|Any CPU
		{9D0F81B1-C975-490C-BD34-9BEEE14EC2E9}.Release|x86.ActiveCfg = Release|Any CPU
		{9D0F81B1-C975-490C-BD34-9BEEE14EC2E9}.SingleImage|Any CPU.ActiveCfg = Release|Any CPU
		{9D0F81B1-C975-490C-BD34-9BEEE14EC2E9}.SingleImage|Any CPU.Build.0 = Release|Any CPU
		{9D0F81B1-C975-490C-BD34-9BEEE14EC2E9}.SingleImage|x86.ActiveCfg = Release|Any CPU
		{D5402E11-A190-428F-B534-5AB267AE03E0}.CD_ROM|Any CPU.ActiveCfg = Release|Any CPU
		{D5402E11-A190-428F-B534-5AB267AE03E0}.CD_ROM|Any CPU.Build.0 = Release|Any CPU
		{D5402E11-A190-428F-B534-5AB267AE03E0}.CD_ROM|x86.ActiveCfg = Release|Any CPU
		{D5402E11-A190-428F-B534-5AB267AE03E0}.Debug|Any CPU.ActiveCfg = Debug|Any CPU
		{D5402E11-A190-428F-B534-5AB267AE03E0}.Debug|Any CPU.Build.0 = Debug|Any CPU
		{D5402E11-A190-428F-B534-5AB267AE03E0}.Debug|x86.ActiveCfg = Debug|Any CPU
		{D5402E11-A190-428F-B534-5AB267AE03E0}.DVD-5|Any CPU.ActiveCfg = Debug|Any CPU
		{D5402E11-A190-428F-B534-5AB267AE03E0}.DVD-5|Any CPU.Build.0 = Debug|Any CPU
		{D5402E11-A190-428F-B534-5AB267AE03E0}.DVD-5|x86.ActiveCfg = Debug|Any CPU
		{D5402E11-A190-428F-B534-5AB267AE03E0}.Release|Any CPU.ActiveCfg = Release|Any CPU
		{D5402E11-A190-428F-B534-5AB267AE03E0}.Release|Any CPU.Build.0 = Release|Any CPU
		{D5402E11-A190-428F-B534-5AB267AE03E0}.Release|x86.ActiveCfg = Release|Any CPU
		{D5402E11-A190-428F-B534-5AB267AE03E0}.SingleImage|Any CPU.ActiveCfg = Release|Any CPU
		{D5402E11-A190-428F-B534-5AB267AE03E0}.SingleImage|Any CPU.Build.0 = Release|Any CPU
		{D5402E11-A190-428F-B534-5AB267AE03E0}.SingleImage|x86.ActiveCfg = Release|Any CPU
		{51017788-6DF4-4C08-90FB-3752E71E9528}.CD_ROM|Any CPU.ActiveCfg = Release|Any CPU
		{51017788-6DF4-4C08-90FB-3752E71E9528}.CD_ROM|Any CPU.Build.0 = Release|Any CPU
		{51017788-6DF4-4C08-90FB-3752E71E9528}.CD_ROM|x86.ActiveCfg = Release|Any CPU
		{51017788-6DF4-4C08-90FB-3752E71E9528}.Debug|Any CPU.ActiveCfg = Debug|Any CPU
		{51017788-6DF4-4C08-90FB-3752E71E9528}.Debug|Any CPU.Build.0 = Debug|Any CPU
		{51017788-6DF4-4C08-90FB-3752E71E9528}.Debug|x86.ActiveCfg = Debug|Any CPU
		{51017788-6DF4-4C08-90FB-3752E71E9528}.DVD-5|Any CPU.ActiveCfg = Debug|Any CPU
		{51017788-6DF4-4C08-90FB-3752E71E9528}.DVD-5|Any CPU.Build.0 = Debug|Any CPU
		{51017788-6DF4-4C08-90FB-3752E71E9528}.DVD-5|x86.ActiveCfg = Debug|Any CPU
		{51017788-6DF4-4C08-90FB-3752E71E9528}.Release|Any CPU.ActiveCfg = Release|Any CPU
		{51017788-6DF4-4C08-90FB-3752E71E9528}.Release|Any CPU.Build.0 = Release|Any CPU
		{51017788-6DF4-4C08-90FB-3752E71E9528}.Release|x86.ActiveCfg = Release|Any CPU
		{51017788-6DF4-4C08-90FB-3752E71E9528}.SingleImage|Any CPU.ActiveCfg = Release|Any CPU
		{51017788-6DF4-4C08-90FB-3752E71E9528}.SingleImage|Any CPU.Build.0 = Release|Any CPU
		{51017788-6DF4-4C08-90FB-3752E71E9528}.SingleImage|x86.ActiveCfg = Release|Any CPU
		{5ADE4FB8-9296-4CC7-8CF5-72C7DEA3AC40}.CD_ROM|Any CPU.ActiveCfg = Release|Any CPU
		{5ADE4FB8-9296-4CC7-8CF5-72C7DEA3AC40}.CD_ROM|Any CPU.Build.0 = Release|Any CPU
		{5ADE4FB8-9296-4CC7-8CF5-72C7DEA3AC40}.CD_ROM|x86.ActiveCfg = Release|Any CPU
		{5ADE4FB8-9296-4CC7-8CF5-72C7DEA3AC40}.Debug|Any CPU.ActiveCfg = Debug|Any CPU
		{5ADE4FB8-9296-4CC7-8CF5-72C7DEA3AC40}.Debug|Any CPU.Build.0 = Debug|Any CPU
		{5ADE4FB8-9296-4CC7-8CF5-72C7DEA3AC40}.Debug|x86.ActiveCfg = Debug|Any CPU
		{5ADE4FB8-9296-4CC7-8CF5-72C7DEA3AC40}.DVD-5|Any CPU.ActiveCfg = Debug|Any CPU
		{5ADE4FB8-9296-4CC7-8CF5-72C7DEA3AC40}.DVD-5|Any CPU.Build.0 = Debug|Any CPU
		{5ADE4FB8-9296-4CC7-8CF5-72C7DEA3AC40}.DVD-5|x86.ActiveCfg = Debug|Any CPU
		{5ADE4FB8-9296-4CC7-8CF5-72C7DEA3AC40}.Release|Any CPU.ActiveCfg = Release|Any CPU
		{5ADE4FB8-9296-4CC7-8CF5-72C7DEA3AC40}.Release|Any CPU.Build.0 = Release|Any CPU
		{5ADE4FB8-9296-4CC7-8CF5-72C7DEA3AC40}.Release|x86.ActiveCfg = Release|Any CPU
		{5ADE4FB8-9296-4CC7-8CF5-72C7DEA3AC40}.SingleImage|Any CPU.ActiveCfg = Release|Any CPU
		{5ADE4FB8-9296-4CC7-8CF5-72C7DEA3AC40}.SingleImage|Any CPU.Build.0 = Release|Any CPU
		{5ADE4FB8-9296-4CC7-8CF5-72C7DEA3AC40}.SingleImage|x86.ActiveCfg = Release|Any CPU
		{A1B25E33-E8D4-42D9-9897-DF460B76AA60}.CD_ROM|Any CPU.ActiveCfg = Release|Any CPU
		{A1B25E33-E8D4-42D9-9897-DF460B76AA60}.CD_ROM|Any CPU.Build.0 = Release|Any CPU
		{A1B25E33-E8D4-42D9-9897-DF460B76AA60}.CD_ROM|x86.ActiveCfg = Release|Any CPU
		{A1B25E33-E8D4-42D9-9897-DF460B76AA60}.Debug|Any CPU.ActiveCfg = Debug|Any CPU
		{A1B25E33-E8D4-42D9-9897-DF460B76AA60}.Debug|Any CPU.Build.0 = Debug|Any CPU
		{A1B25E33-E8D4-42D9-9897-DF460B76AA60}.Debug|x86.ActiveCfg = Debug|Any CPU
		{A1B25E33-E8D4-42D9-9897-DF460B76AA60}.DVD-5|Any CPU.ActiveCfg = Debug|Any CPU
		{A1B25E33-E8D4-42D9-9897-DF460B76AA60}.DVD-5|Any CPU.Build.0 = Debug|Any CPU
		{A1B25E33-E8D4-42D9-9897-DF460B76AA60}.DVD-5|x86.ActiveCfg = Debug|Any CPU
		{A1B25E33-E8D4-42D9-9897-DF460B76AA60}.Release|Any CPU.ActiveCfg = Release|Any CPU
		{A1B25E33-E8D4-42D9-9897-DF460B76AA60}.Release|Any CPU.Build.0 = Release|Any CPU
		{A1B25E33-E8D4-42D9-9897-DF460B76AA60}.Release|x86.ActiveCfg = Release|Any CPU
		{A1B25E33-E8D4-42D9-9897-DF460B76AA60}.SingleImage|Any CPU.ActiveCfg = Release|Any CPU
		{A1B25E33-E8D4-42D9-9897-DF460B76AA60}.SingleImage|Any CPU.Build.0 = Release|Any CPU
		{A1B25E33-E8D4-42D9-9897-DF460B76AA60}.SingleImage|x86.ActiveCfg = Release|Any CPU
		{123497E8-93E9-4109-AC74-0E8F47154E4C}.CD_ROM|Any CPU.ActiveCfg = CD_ROM
		{123497E8-93E9-4109-AC74-0E8F47154E4C}.CD_ROM|Any CPU.Build.0 = CD_ROM
		{123497E8-93E9-4109-AC74-0E8F47154E4C}.CD_ROM|x86.ActiveCfg = CD_ROM
		{123497E8-93E9-4109-AC74-0E8F47154E4C}.CD_ROM|x86.Build.0 = CD_ROM
		{123497E8-93E9-4109-AC74-0E8F47154E4C}.Debug|Any CPU.ActiveCfg = DVD-5
		{123497E8-93E9-4109-AC74-0E8F47154E4C}.Debug|Any CPU.Build.0 = DVD-5
		{123497E8-93E9-4109-AC74-0E8F47154E4C}.Debug|x86.ActiveCfg = DVD-5
		{123497E8-93E9-4109-AC74-0E8F47154E4C}.Debug|x86.Build.0 = DVD-5
		{123497E8-93E9-4109-AC74-0E8F47154E4C}.DVD-5|Any CPU.ActiveCfg = DVD-5
		{123497E8-93E9-4109-AC74-0E8F47154E4C}.DVD-5|Any CPU.Build.0 = DVD-5
		{123497E8-93E9-4109-AC74-0E8F47154E4C}.DVD-5|x86.ActiveCfg = DVD-5
		{123497E8-93E9-4109-AC74-0E8F47154E4C}.DVD-5|x86.Build.0 = DVD-5
		{123497E8-93E9-4109-AC74-0E8F47154E4C}.Release|Any CPU.ActiveCfg = SingleImage
		{123497E8-93E9-4109-AC74-0E8F47154E4C}.Release|Any CPU.Build.0 = SingleImage
		{123497E8-93E9-4109-AC74-0E8F47154E4C}.Release|x86.ActiveCfg = SingleImage
		{123497E8-93E9-4109-AC74-0E8F47154E4C}.Release|x86.Build.0 = SingleImage
		{123497E8-93E9-4109-AC74-0E8F47154E4C}.SingleImage|Any CPU.ActiveCfg = SingleImage
		{123497E8-93E9-4109-AC74-0E8F47154E4C}.SingleImage|Any CPU.Build.0 = SingleImage
		{123497E8-93E9-4109-AC74-0E8F47154E4C}.SingleImage|x86.ActiveCfg = SingleImage
		{123497E8-93E9-4109-AC74-0E8F47154E4C}.SingleImage|x86.Build.0 = SingleImage
		{A9EAAA9A-E076-4C26-8834-D66EB8439BC1}.CD_ROM|Any CPU.ActiveCfg = Release|Any CPU
		{A9EAAA9A-E076-4C26-8834-D66EB8439BC1}.CD_ROM|Any CPU.Build.0 = Release|Any CPU
		{A9EAAA9A-E076-4C26-8834-D66EB8439BC1}.CD_ROM|x86.ActiveCfg = Release|x86
		{A9EAAA9A-E076-4C26-8834-D66EB8439BC1}.CD_ROM|x86.Build.0 = Release|x86
		{A9EAAA9A-E076-4C26-8834-D66EB8439BC1}.Debug|Any CPU.ActiveCfg = Debug|Any CPU
		{A9EAAA9A-E076-4C26-8834-D66EB8439BC1}.Debug|Any CPU.Build.0 = Debug|Any CPU
		{A9EAAA9A-E076-4C26-8834-D66EB8439BC1}.Debug|x86.ActiveCfg = Debug|x86
		{A9EAAA9A-E076-4C26-8834-D66EB8439BC1}.Debug|x86.Build.0 = Debug|x86
		{A9EAAA9A-E076-4C26-8834-D66EB8439BC1}.DVD-5|Any CPU.ActiveCfg = Debug|Any CPU
		{A9EAAA9A-E076-4C26-8834-D66EB8439BC1}.DVD-5|Any CPU.Build.0 = Debug|Any CPU
		{A9EAAA9A-E076-4C26-8834-D66EB8439BC1}.DVD-5|x86.ActiveCfg = Debug|x86
		{A9EAAA9A-E076-4C26-8834-D66EB8439BC1}.DVD-5|x86.Build.0 = Debug|x86
		{A9EAAA9A-E076-4C26-8834-D66EB8439BC1}.Release|Any CPU.ActiveCfg = Release|Any CPU
		{A9EAAA9A-E076-4C26-8834-D66EB8439BC1}.Release|Any CPU.Build.0 = Release|Any CPU
		{A9EAAA9A-E076-4C26-8834-D66EB8439BC1}.Release|x86.ActiveCfg = Release|x86
		{A9EAAA9A-E076-4C26-8834-D66EB8439BC1}.Release|x86.Build.0 = Release|x86
		{A9EAAA9A-E076-4C26-8834-D66EB8439BC1}.SingleImage|Any CPU.ActiveCfg = Release|Any CPU
		{A9EAAA9A-E076-4C26-8834-D66EB8439BC1}.SingleImage|Any CPU.Build.0 = Release|Any CPU
		{A9EAAA9A-E076-4C26-8834-D66EB8439BC1}.SingleImage|x86.ActiveCfg = Release|x86
		{A9EAAA9A-E076-4C26-8834-D66EB8439BC1}.SingleImage|x86.Build.0 = Release|x86
		{CE420580-E5DE-4601-A69A-EBC9FBCAA6E7}.CD_ROM|Any CPU.ActiveCfg = Release|Any CPU
		{CE420580-E5DE-4601-A69A-EBC9FBCAA6E7}.CD_ROM|Any CPU.Build.0 = Release|Any CPU
		{CE420580-E5DE-4601-A69A-EBC9FBCAA6E7}.CD_ROM|x86.ActiveCfg = Release|Any CPU
		{CE420580-E5DE-4601-A69A-EBC9FBCAA6E7}.Debug|Any CPU.ActiveCfg = Debug|Any CPU
		{CE420580-E5DE-4601-A69A-EBC9FBCAA6E7}.Debug|Any CPU.Build.0 = Debug|Any CPU
		{CE420580-E5DE-4601-A69A-EBC9FBCAA6E7}.Debug|x86.ActiveCfg = Debug|Any CPU
		{CE420580-E5DE-4601-A69A-EBC9FBCAA6E7}.DVD-5|Any CPU.ActiveCfg = Debug|Any CPU
		{CE420580-E5DE-4601-A69A-EBC9FBCAA6E7}.DVD-5|Any CPU.Build.0 = Debug|Any CPU
		{CE420580-E5DE-4601-A69A-EBC9FBCAA6E7}.DVD-5|x86.ActiveCfg = Debug|Any CPU
		{CE420580-E5DE-4601-A69A-EBC9FBCAA6E7}.Release|Any CPU.ActiveCfg = Release|Any CPU
		{CE420580-E5DE-4601-A69A-EBC9FBCAA6E7}.Release|Any CPU.Build.0 = Release|Any CPU
		{CE420580-E5DE-4601-A69A-EBC9FBCAA6E7}.Release|x86.ActiveCfg = Release|Any CPU
		{CE420580-E5DE-4601-A69A-EBC9FBCAA6E7}.SingleImage|Any CPU.ActiveCfg = Release|Any CPU
		{CE420580-E5DE-4601-A69A-EBC9FBCAA6E7}.SingleImage|Any CPU.Build.0 = Release|Any CPU
		{CE420580-E5DE-4601-A69A-EBC9FBCAA6E7}.SingleImage|x86.ActiveCfg = Release|Any CPU
		{0D9554BB-8295-4EFB-AEAD-95B6DB6555C3}.CD_ROM|Any CPU.ActiveCfg = Release|Any CPU
		{0D9554BB-8295-4EFB-AEAD-95B6DB6555C3}.CD_ROM|Any CPU.Build.0 = Release|Any CPU
		{0D9554BB-8295-4EFB-AEAD-95B6DB6555C3}.CD_ROM|x86.ActiveCfg = Release|Any CPU
		{0D9554BB-8295-4EFB-AEAD-95B6DB6555C3}.Debug|Any CPU.ActiveCfg = Debug|Any CPU
		{0D9554BB-8295-4EFB-AEAD-95B6DB6555C3}.Debug|Any CPU.Build.0 = Debug|Any CPU
		{0D9554BB-8295-4EFB-AEAD-95B6DB6555C3}.Debug|x86.ActiveCfg = Debug|Any CPU
		{0D9554BB-8295-4EFB-AEAD-95B6DB6555C3}.DVD-5|Any CPU.ActiveCfg = Debug|Any CPU
		{0D9554BB-8295-4EFB-AEAD-95B6DB6555C3}.DVD-5|Any CPU.Build.0 = Debug|Any CPU
		{0D9554BB-8295-4EFB-AEAD-95B6DB6555C3}.DVD-5|x86.ActiveCfg = Debug|Any CPU
		{0D9554BB-8295-4EFB-AEAD-95B6DB6555C3}.Release|Any CPU.ActiveCfg = Release|Any CPU
		{0D9554BB-8295-4EFB-AEAD-95B6DB6555C3}.Release|Any CPU.Build.0 = Release|Any CPU
		{0D9554BB-8295-4EFB-AEAD-95B6DB6555C3}.Release|x86.ActiveCfg = Release|Any CPU
		{0D9554BB-8295-4EFB-AEAD-95B6DB6555C3}.SingleImage|Any CPU.ActiveCfg = Release|Any CPU
		{0D9554BB-8295-4EFB-AEAD-95B6DB6555C3}.SingleImage|Any CPU.Build.0 = Release|Any CPU
		{0D9554BB-8295-4EFB-AEAD-95B6DB6555C3}.SingleImage|x86.ActiveCfg = Release|Any CPU
		{5B1710D2-5DC8-4754-91B2-19165DE49B3D}.CD_ROM|Any CPU.ActiveCfg = Release|Any CPU
		{5B1710D2-5DC8-4754-91B2-19165DE49B3D}.CD_ROM|Any CPU.Build.0 = Release|Any CPU
		{5B1710D2-5DC8-4754-91B2-19165DE49B3D}.CD_ROM|x86.ActiveCfg = Release|Any CPU
		{5B1710D2-5DC8-4754-91B2-19165DE49B3D}.Debug|Any CPU.ActiveCfg = Debug|Any CPU
		{5B1710D2-5DC8-4754-91B2-19165DE49B3D}.Debug|Any CPU.Build.0 = Debug|Any CPU
		{5B1710D2-5DC8-4754-91B2-19165DE49B3D}.Debug|x86.ActiveCfg = Debug|Any CPU
		{5B1710D2-5DC8-4754-91B2-19165DE49B3D}.DVD-5|Any CPU.ActiveCfg = Debug|Any CPU
		{5B1710D2-5DC8-4754-91B2-19165DE49B3D}.DVD-5|Any CPU.Build.0 = Debug|Any CPU
		{5B1710D2-5DC8-4754-91B2-19165DE49B3D}.DVD-5|x86.ActiveCfg = Debug|Any CPU
		{5B1710D2-5DC8-4754-91B2-19165DE49B3D}.Release|Any CPU.ActiveCfg = Release|Any CPU
		{5B1710D2-5DC8-4754-91B2-19165DE49B3D}.Release|Any CPU.Build.0 = Release|Any CPU
		{5B1710D2-5DC8-4754-91B2-19165DE49B3D}.Release|x86.ActiveCfg = Release|Any CPU
		{5B1710D2-5DC8-4754-91B2-19165DE49B3D}.SingleImage|Any CPU.ActiveCfg = Release|Any CPU
		{5B1710D2-5DC8-4754-91B2-19165DE49B3D}.SingleImage|Any CPU.Build.0 = Release|Any CPU
		{5B1710D2-5DC8-4754-91B2-19165DE49B3D}.SingleImage|x86.ActiveCfg = Release|Any CPU
		{771B4DAD-8A13-46E7-BEBC-54C3060170E4}.CD_ROM|Any CPU.ActiveCfg = Release|Any CPU
		{771B4DAD-8A13-46E7-BEBC-54C3060170E4}.CD_ROM|Any CPU.Build.0 = Release|Any CPU
		{771B4DAD-8A13-46E7-BEBC-54C3060170E4}.CD_ROM|x86.ActiveCfg = Release|Any CPU
		{771B4DAD-8A13-46E7-BEBC-54C3060170E4}.Debug|Any CPU.ActiveCfg = Debug|Any CPU
		{771B4DAD-8A13-46E7-BEBC-54C3060170E4}.Debug|Any CPU.Build.0 = Debug|Any CPU
		{771B4DAD-8A13-46E7-BEBC-54C3060170E4}.Debug|x86.ActiveCfg = Debug|Any CPU
		{771B4DAD-8A13-46E7-BEBC-54C3060170E4}.DVD-5|Any CPU.ActiveCfg = Debug|Any CPU
		{771B4DAD-8A13-46E7-BEBC-54C3060170E4}.DVD-5|Any CPU.Build.0 = Debug|Any CPU
		{771B4DAD-8A13-46E7-BEBC-54C3060170E4}.DVD-5|x86.ActiveCfg = Debug|Any CPU
		{771B4DAD-8A13-46E7-BEBC-54C3060170E4}.Release|Any CPU.ActiveCfg = Release|Any CPU
		{771B4DAD-8A13-46E7-BEBC-54C3060170E4}.Release|Any CPU.Build.0 = Release|Any CPU
		{771B4DAD-8A13-46E7-BEBC-54C3060170E4}.Release|x86.ActiveCfg = Release|Any CPU
		{771B4DAD-8A13-46E7-BEBC-54C3060170E4}.SingleImage|Any CPU.ActiveCfg = Release|Any CPU
		{771B4DAD-8A13-46E7-BEBC-54C3060170E4}.SingleImage|Any CPU.Build.0 = Release|Any CPU
		{771B4DAD-8A13-46E7-BEBC-54C3060170E4}.SingleImage|x86.ActiveCfg = Release|Any CPU
		{74A75370-6959-498A-909B-B62C11846668}.CD_ROM|Any CPU.ActiveCfg = Release|Any CPU
		{74A75370-6959-498A-909B-B62C11846668}.CD_ROM|Any CPU.Build.0 = Release|Any CPU
		{74A75370-6959-498A-909B-B62C11846668}.CD_ROM|x86.ActiveCfg = Release|Any CPU
		{74A75370-6959-498A-909B-B62C11846668}.Debug|Any CPU.ActiveCfg = Debug|Any CPU
		{74A75370-6959-498A-909B-B62C11846668}.Debug|Any CPU.Build.0 = Debug|Any CPU
		{74A75370-6959-498A-909B-B62C11846668}.Debug|x86.ActiveCfg = Debug|Any CPU
		{74A75370-6959-498A-909B-B62C11846668}.DVD-5|Any CPU.ActiveCfg = Debug|Any CPU
		{74A75370-6959-498A-909B-B62C11846668}.DVD-5|Any CPU.Build.0 = Debug|Any CPU
		{74A75370-6959-498A-909B-B62C11846668}.DVD-5|x86.ActiveCfg = Debug|Any CPU
		{74A75370-6959-498A-909B-B62C11846668}.Release|Any CPU.ActiveCfg = Release|Any CPU
		{74A75370-6959-498A-909B-B62C11846668}.Release|Any CPU.Build.0 = Release|Any CPU
		{74A75370-6959-498A-909B-B62C11846668}.Release|x86.ActiveCfg = Release|Any CPU
		{74A75370-6959-498A-909B-B62C11846668}.SingleImage|Any CPU.ActiveCfg = Release|Any CPU
		{74A75370-6959-498A-909B-B62C11846668}.SingleImage|Any CPU.Build.0 = Release|Any CPU
		{74A75370-6959-498A-909B-B62C11846668}.SingleImage|x86.ActiveCfg = Release|Any CPU
		{9C182CEF-B1B8-4E80-888D-45ED7EA8801F}.CD_ROM|Any CPU.ActiveCfg = Release|Any CPU
		{9C182CEF-B1B8-4E80-888D-45ED7EA8801F}.CD_ROM|Any CPU.Build.0 = Release|Any CPU
		{9C182CEF-B1B8-4E80-888D-45ED7EA8801F}.CD_ROM|x86.ActiveCfg = Release|Any CPU
		{9C182CEF-B1B8-4E80-888D-45ED7EA8801F}.Debug|Any CPU.ActiveCfg = Debug|Any CPU
		{9C182CEF-B1B8-4E80-888D-45ED7EA8801F}.Debug|Any CPU.Build.0 = Debug|Any CPU
		{9C182CEF-B1B8-4E80-888D-45ED7EA8801F}.Debug|x86.ActiveCfg = Debug|Any CPU
		{9C182CEF-B1B8-4E80-888D-45ED7EA8801F}.DVD-5|Any CPU.ActiveCfg = Debug|Any CPU
		{9C182CEF-B1B8-4E80-888D-45ED7EA8801F}.DVD-5|Any CPU.Build.0 = Debug|Any CPU
		{9C182CEF-B1B8-4E80-888D-45ED7EA8801F}.DVD-5|x86.ActiveCfg = Debug|Any CPU
		{9C182CEF-B1B8-4E80-888D-45ED7EA8801F}.Release|Any CPU.ActiveCfg = Release|Any CPU
		{9C182CEF-B1B8-4E80-888D-45ED7EA8801F}.Release|Any CPU.Build.0 = Release|Any CPU
		{9C182CEF-B1B8-4E80-888D-45ED7EA8801F}.Release|x86.ActiveCfg = Release|Any CPU
		{9C182CEF-B1B8-4E80-888D-45ED7EA8801F}.SingleImage|Any CPU.ActiveCfg = Release|Any CPU
		{9C182CEF-B1B8-4E80-888D-45ED7EA8801F}.SingleImage|Any CPU.Build.0 = Release|Any CPU
		{9C182CEF-B1B8-4E80-888D-45ED7EA8801F}.SingleImage|x86.ActiveCfg = Release|Any CPU
	EndGlobalSection
	GlobalSection(SolutionProperties) = preSolution
		HideSolutionNode = FALSE
	EndGlobalSection
	GlobalSection(NestedProjects) = preSolution
		{A9EAAA9A-E076-4C26-8834-D66EB8439BC1} = {3D35B036-7FF8-462F-AA66-546BE4550240}
		{CE420580-E5DE-4601-A69A-EBC9FBCAA6E7} = {3D35B036-7FF8-462F-AA66-546BE4550240}
		{5B1710D2-5DC8-4754-91B2-19165DE49B3D} = {3D35B036-7FF8-462F-AA66-546BE4550240}
	EndGlobalSection
	GlobalSection(ExtensibilityGlobals) = postSolution
		EnterpriseLibraryConfigurationToolBinariesPathV6 = packages\EnterpriseLibrary.Common.6.0.1304.0\lib\NET45;packages\EnterpriseLibrary.ExceptionHandling.6.0.1304.0\lib\NET45;packages\EnterpriseLibrary.Logging.6.0.1304.0\lib\NET45;packages\EnterpriseLibrary.Data.6.0.1304.0\lib\NET45;packages\EnterpriseLibrary.Logging.Database.6.0.1304.0\lib\NET45;packages\EnterpriseLibrary.ExceptionHandling.WCF.6.0.1304.0\lib\NET45;packages\EnterpriseLibrary.ExceptionHandling.Logging.6.0.1304.0\lib\NET45
	EndGlobalSection
EndGlobal
